// !$*UTF8*$!
{
	archiveVersion = 1;
	classes = {
	};
	objectVersion = 55;
	objects = {

/* Begin PBXBuildFile section */
		7C1429A02970054900E5820E /* HourlyForecastViewController.swift in Sources */ = {isa = PBXBuildFile; fileRef = 7C14299F2970054900E5820E /* HourlyForecastViewController.swift */; };
		7C1429A629701C2300E5820E /* AddLocationViewController.swift in Sources */ = {isa = PBXBuildFile; fileRef = 7C1429A529701C2300E5820E /* AddLocationViewController.swift */; };
		7C1429A9297569D600E5820E /* MainCoordinator.swift in Sources */ = {isa = PBXBuildFile; fileRef = 7C1429A8297569D600E5820E /* MainCoordinator.swift */; };
		7C1429AC297570C400E5820E /* ViewControllersFactory.swift in Sources */ = {isa = PBXBuildFile; fileRef = 7C1429AB297570C400E5820E /* ViewControllersFactory.swift */; };
		7C1429AE297834CC00E5820E /* OverviewSlideView.swift in Sources */ = {isa = PBXBuildFile; fileRef = 7C1429AD297834CC00E5820E /* OverviewSlideView.swift */; };
		7C24B72E2966C9BC00A795E1 /* MainViewController.swift in Sources */ = {isa = PBXBuildFile; fileRef = 7C24B72D2966C9BC00A795E1 /* MainViewController.swift */; };
		7C24B7312966CC0F00A795E1 /* OnboardingViewController.swift in Sources */ = {isa = PBXBuildFile; fileRef = 7C24B7302966CC0F00A795E1 /* OnboardingViewController.swift */; };
		7C24B733296C0DBE00A795E1 /* GeocodingService.swift in Sources */ = {isa = PBXBuildFile; fileRef = 7C24B732296C0DBE00A795E1 /* GeocodingService.swift */; };
		7C24B735296C12AA00A795E1 /* URLSession+Extension.swift in Sources */ = {isa = PBXBuildFile; fileRef = 7C24B734296C12AA00A795E1 /* URLSession+Extension.swift */; };
		7C24B737296C131F00A795E1 /* NetworkError.swift in Sources */ = {isa = PBXBuildFile; fileRef = 7C24B736296C131F00A795E1 /* NetworkError.swift */; };
		7C24B73A296C142900A795E1 /* CoordinatesResult.swift in Sources */ = {isa = PBXBuildFile; fileRef = 7C24B739296C142900A795E1 /* CoordinatesResult.swift */; };
		7C24B73C296C15C000A795E1 /* Constants.swift in Sources */ = {isa = PBXBuildFile; fileRef = 7C24B73B296C15C000A795E1 /* Constants.swift */; };
		7C24B73F296C454500A795E1 /* ForecastService.swift in Sources */ = {isa = PBXBuildFile; fileRef = 7C24B73E296C454500A795E1 /* ForecastService.swift */; };
		7C24B741296C470300A795E1 /* ForecastResult.swift in Sources */ = {isa = PBXBuildFile; fileRef = 7C24B740296C470300A795E1 /* ForecastResult.swift */; };
		7C24B773296EE13600A795E1 /* CoreDataManager.swift in Sources */ = {isa = PBXBuildFile; fileRef = 7C24B772296EE13600A795E1 /* CoreDataManager.swift */; };
		7C3D6CF1297DD66A00BB29C2 /* HourlyForecastIndicatorView.swift in Sources */ = {isa = PBXBuildFile; fileRef = 7C3D6CF0297DD66A00BB29C2 /* HourlyForecastIndicatorView.swift */; };
		7C3D6CF3297E73AB00BB29C2 /* HourlyForecastTableViewCell.swift in Sources */ = {isa = PBXBuildFile; fileRef = 7C3D6CF2297E73AB00BB29C2 /* HourlyForecastTableViewCell.swift */; };
		7C3D6CF6297EA5C000BB29C2 /* DateTimeFormatter.swift in Sources */ = {isa = PBXBuildFile; fileRef = 7C3D6CF5297EA5C000BB29C2 /* DateTimeFormatter.swift */; };
		7C3D6CF8297EB43900BB29C2 /* DateCollectionViewCell.swift in Sources */ = {isa = PBXBuildFile; fileRef = 7C3D6CF7297EB43900BB29C2 /* DateCollectionViewCell.swift */; };
		7C3D6D00297FFBDF00BB29C2 /* TimeOfDayForecastsViewController.swift in Sources */ = {isa = PBXBuildFile; fileRef = 7C3D6CFD297FFBDF00BB29C2 /* TimeOfDayForecastsViewController.swift */; };
		7C3D6D01297FFBDF00BB29C2 /* TimeOfDayForecastView.swift in Sources */ = {isa = PBXBuildFile; fileRef = 7C3D6CFE297FFBDF00BB29C2 /* TimeOfDayForecastView.swift */; };
		7C3D6D02297FFBDF00BB29C2 /* TimeOfDayIndicatorView.swift in Sources */ = {isa = PBXBuildFile; fileRef = 7C3D6CFF297FFBDF00BB29C2 /* TimeOfDayIndicatorView.swift */; };
		7C3D6D0429801D4C00BB29C2 /* SunAndMoonView.swift in Sources */ = {isa = PBXBuildFile; fileRef = 7C3D6D0329801D4C00BB29C2 /* SunAndMoonView.swift */; };
		7C44461F2949C2ED0018F4E7 /* AppDelegate.swift in Sources */ = {isa = PBXBuildFile; fileRef = 7C44461E2949C2ED0018F4E7 /* AppDelegate.swift */; };
		7C4446212949C2ED0018F4E7 /* SceneDelegate.swift in Sources */ = {isa = PBXBuildFile; fileRef = 7C4446202949C2ED0018F4E7 /* SceneDelegate.swift */; };
		7C4446292949C2ED0018F4E7 /* Weather.xcdatamodeld in Sources */ = {isa = PBXBuildFile; fileRef = 7C4446272949C2ED0018F4E7 /* Weather.xcdatamodeld */; };
		7C44462B2949C2F10018F4E7 /* Assets.xcassets in Resources */ = {isa = PBXBuildFile; fileRef = 7C44462A2949C2F10018F4E7 /* Assets.xcassets */; };
		7C44462E2949C2F10018F4E7 /* LaunchScreen.storyboard in Resources */ = {isa = PBXBuildFile; fileRef = 7C44462C2949C2F10018F4E7 /* LaunchScreen.storyboard */; };
		7C44463A2949C99C0018F4E7 /* SettingsViewController.swift in Sources */ = {isa = PBXBuildFile; fileRef = 7C4446392949C99C0018F4E7 /* SettingsViewController.swift */; };
		7C44463E2949CB1F0018F4E7 /* CustomSwitch.swift in Sources */ = {isa = PBXBuildFile; fileRef = 7C44463D2949CB1F0018F4E7 /* CustomSwitch.swift */; };
		7C444641294A08B50018F4E7 /* UIColor+Extension.swift in Sources */ = {isa = PBXBuildFile; fileRef = 7C444640294A08B50018F4E7 /* UIColor+Extension.swift */; };
		7C444644294B39AE0018F4E7 /* SettingCustomSwitch.swift in Sources */ = {isa = PBXBuildFile; fileRef = 7C444643294B39AE0018F4E7 /* SettingCustomSwitch.swift */; };
		7C4F74D82981654B00406056 /* FactView.swift in Sources */ = {isa = PBXBuildFile; fileRef = 7C4F74D72981654B00406056 /* FactView.swift */; };
		7C4F74DA29816A8300406056 /* FactIndicatorsSubview.swift in Sources */ = {isa = PBXBuildFile; fileRef = 7C4F74D929816A8300406056 /* FactIndicatorsSubview.swift */; };
		7C4F74DC2982633A00406056 /* DayForecastCollectionViewCell.swift in Sources */ = {isa = PBXBuildFile; fileRef = 7C4F74DB2982633A00406056 /* DayForecastCollectionViewCell.swift */; };
		7C4F7584299E5F4300406056 /* HourCollectionViewCell.swift in Sources */ = {isa = PBXBuildFile; fileRef = 7C4F7583299E5F4200406056 /* HourCollectionViewCell.swift */; };
		7C4F7589299F6CE100406056 /* HourCollectionViewDataSource.swift in Sources */ = {isa = PBXBuildFile; fileRef = 7C4F7588299F6CE100406056 /* HourCollectionViewDataSource.swift */; };
		7C4F758B299F6D0800406056 /* DayForecastCollectionViewDataSource.swift in Sources */ = {isa = PBXBuildFile; fileRef = 7C4F758A299F6D0800406056 /* DayForecastCollectionViewDataSource.swift */; };
		7C90E80E295ECD20008CD8F5 /* TestTwoView.swift in Sources */ = {isa = PBXBuildFile; fileRef = 7C90E80D295ECD20008CD8F5 /* TestTwoView.swift */; };
		7C90E81129659E6E008CD8F5 /* SettingsStorageService.swift in Sources */ = {isa = PBXBuildFile; fileRef = 7C90E81029659E6E008CD8F5 /* SettingsStorageService.swift */; };
		7CB5BE3329AB5A0D0047C41F /* Conditions.swift in Sources */ = {isa = PBXBuildFile; fileRef = 7CB5BE3229AB5A0D0047C41F /* Conditions.swift */; };
		7CB5BE3529AE20AF0047C41F /* Directions.swift in Sources */ = {isa = PBXBuildFile; fileRef = 7CB5BE3429AE20AF0047C41F /* Directions.swift */; };
/* End PBXBuildFile section */

/* Begin PBXFileReference section */
		7C14299F2970054900E5820E /* HourlyForecastViewController.swift */ = {isa = PBXFileReference; lastKnownFileType = sourcecode.swift; path = HourlyForecastViewController.swift; sourceTree = "<group>"; };
		7C1429A529701C2300E5820E /* AddLocationViewController.swift */ = {isa = PBXFileReference; lastKnownFileType = sourcecode.swift; path = AddLocationViewController.swift; sourceTree = "<group>"; };
		7C1429A8297569D600E5820E /* MainCoordinator.swift */ = {isa = PBXFileReference; lastKnownFileType = sourcecode.swift; path = MainCoordinator.swift; sourceTree = "<group>"; };
		7C1429AB297570C400E5820E /* ViewControllersFactory.swift */ = {isa = PBXFileReference; lastKnownFileType = sourcecode.swift; path = ViewControllersFactory.swift; sourceTree = "<group>"; };
		7C1429AD297834CC00E5820E /* OverviewSlideView.swift */ = {isa = PBXFileReference; lastKnownFileType = sourcecode.swift; path = OverviewSlideView.swift; sourceTree = "<group>"; };
		7C24B72D2966C9BC00A795E1 /* MainViewController.swift */ = {isa = PBXFileReference; lastKnownFileType = sourcecode.swift; path = MainViewController.swift; sourceTree = "<group>"; };
		7C24B7302966CC0F00A795E1 /* OnboardingViewController.swift */ = {isa = PBXFileReference; lastKnownFileType = sourcecode.swift; path = OnboardingViewController.swift; sourceTree = "<group>"; };
		7C24B732296C0DBE00A795E1 /* GeocodingService.swift */ = {isa = PBXFileReference; lastKnownFileType = sourcecode.swift; path = GeocodingService.swift; sourceTree = "<group>"; };
		7C24B734296C12AA00A795E1 /* URLSession+Extension.swift */ = {isa = PBXFileReference; lastKnownFileType = sourcecode.swift; path = "URLSession+Extension.swift"; sourceTree = "<group>"; };
		7C24B736296C131F00A795E1 /* NetworkError.swift */ = {isa = PBXFileReference; lastKnownFileType = sourcecode.swift; path = NetworkError.swift; sourceTree = "<group>"; };
		7C24B739296C142900A795E1 /* CoordinatesResult.swift */ = {isa = PBXFileReference; lastKnownFileType = sourcecode.swift; path = CoordinatesResult.swift; sourceTree = "<group>"; };
		7C24B73B296C15C000A795E1 /* Constants.swift */ = {isa = PBXFileReference; lastKnownFileType = sourcecode.swift; path = Constants.swift; sourceTree = "<group>"; };
		7C24B73E296C454500A795E1 /* ForecastService.swift */ = {isa = PBXFileReference; lastKnownFileType = sourcecode.swift; path = ForecastService.swift; sourceTree = "<group>"; };
		7C24B740296C470300A795E1 /* ForecastResult.swift */ = {isa = PBXFileReference; lastKnownFileType = sourcecode.swift; path = ForecastResult.swift; sourceTree = "<group>"; };
		7C24B772296EE13600A795E1 /* CoreDataManager.swift */ = {isa = PBXFileReference; lastKnownFileType = sourcecode.swift; path = CoreDataManager.swift; sourceTree = "<group>"; };
		7C3D6CF0297DD66A00BB29C2 /* HourlyForecastIndicatorView.swift */ = {isa = PBXFileReference; lastKnownFileType = sourcecode.swift; path = HourlyForecastIndicatorView.swift; sourceTree = "<group>"; };
		7C3D6CF2297E73AB00BB29C2 /* HourlyForecastTableViewCell.swift */ = {isa = PBXFileReference; lastKnownFileType = sourcecode.swift; path = HourlyForecastTableViewCell.swift; sourceTree = "<group>"; };
		7C3D6CF5297EA5C000BB29C2 /* DateTimeFormatter.swift */ = {isa = PBXFileReference; lastKnownFileType = sourcecode.swift; path = DateTimeFormatter.swift; sourceTree = "<group>"; };
		7C3D6CF7297EB43900BB29C2 /* DateCollectionViewCell.swift */ = {isa = PBXFileReference; lastKnownFileType = sourcecode.swift; path = DateCollectionViewCell.swift; sourceTree = "<group>"; };
		7C3D6CFD297FFBDF00BB29C2 /* TimeOfDayForecastsViewController.swift */ = {isa = PBXFileReference; fileEncoding = 4; lastKnownFileType = sourcecode.swift; path = TimeOfDayForecastsViewController.swift; sourceTree = "<group>"; };
		7C3D6CFE297FFBDF00BB29C2 /* TimeOfDayForecastView.swift */ = {isa = PBXFileReference; fileEncoding = 4; lastKnownFileType = sourcecode.swift; path = TimeOfDayForecastView.swift; sourceTree = "<group>"; };
		7C3D6CFF297FFBDF00BB29C2 /* TimeOfDayIndicatorView.swift */ = {isa = PBXFileReference; fileEncoding = 4; lastKnownFileType = sourcecode.swift; path = TimeOfDayIndicatorView.swift; sourceTree = "<group>"; };
		7C3D6D0329801D4C00BB29C2 /* SunAndMoonView.swift */ = {isa = PBXFileReference; lastKnownFileType = sourcecode.swift; path = SunAndMoonView.swift; sourceTree = "<group>"; };
		7C44461B2949C2ED0018F4E7 /* Weather.app */ = {isa = PBXFileReference; explicitFileType = wrapper.application; includeInIndex = 0; path = Weather.app; sourceTree = BUILT_PRODUCTS_DIR; };
		7C44461E2949C2ED0018F4E7 /* AppDelegate.swift */ = {isa = PBXFileReference; lastKnownFileType = sourcecode.swift; path = AppDelegate.swift; sourceTree = "<group>"; };
		7C4446202949C2ED0018F4E7 /* SceneDelegate.swift */ = {isa = PBXFileReference; lastKnownFileType = sourcecode.swift; path = SceneDelegate.swift; sourceTree = "<group>"; };
		7C4446282949C2ED0018F4E7 /* Weather.xcdatamodel */ = {isa = PBXFileReference; lastKnownFileType = wrapper.xcdatamodel; path = Weather.xcdatamodel; sourceTree = "<group>"; };
		7C44462A2949C2F10018F4E7 /* Assets.xcassets */ = {isa = PBXFileReference; lastKnownFileType = folder.assetcatalog; path = Assets.xcassets; sourceTree = "<group>"; };
		7C44462D2949C2F10018F4E7 /* Base */ = {isa = PBXFileReference; lastKnownFileType = file.storyboard; name = Base; path = Base.lproj/LaunchScreen.storyboard; sourceTree = "<group>"; };
		7C44462F2949C2F10018F4E7 /* Info.plist */ = {isa = PBXFileReference; lastKnownFileType = text.plist.xml; path = Info.plist; sourceTree = "<group>"; };
		7C4446392949C99C0018F4E7 /* SettingsViewController.swift */ = {isa = PBXFileReference; lastKnownFileType = sourcecode.swift; path = SettingsViewController.swift; sourceTree = "<group>"; };
		7C44463D2949CB1F0018F4E7 /* CustomSwitch.swift */ = {isa = PBXFileReference; lastKnownFileType = sourcecode.swift; path = CustomSwitch.swift; sourceTree = "<group>"; };
		7C444640294A08B50018F4E7 /* UIColor+Extension.swift */ = {isa = PBXFileReference; lastKnownFileType = sourcecode.swift; path = "UIColor+Extension.swift"; sourceTree = "<group>"; };
		7C444643294B39AE0018F4E7 /* SettingCustomSwitch.swift */ = {isa = PBXFileReference; lastKnownFileType = sourcecode.swift; path = SettingCustomSwitch.swift; sourceTree = "<group>"; };
		7C4F74D72981654B00406056 /* FactView.swift */ = {isa = PBXFileReference; lastKnownFileType = sourcecode.swift; path = FactView.swift; sourceTree = "<group>"; };
		7C4F74D929816A8300406056 /* FactIndicatorsSubview.swift */ = {isa = PBXFileReference; lastKnownFileType = sourcecode.swift; path = FactIndicatorsSubview.swift; sourceTree = "<group>"; };
		7C4F74DB2982633A00406056 /* DayForecastCollectionViewCell.swift */ = {isa = PBXFileReference; lastKnownFileType = sourcecode.swift; path = DayForecastCollectionViewCell.swift; sourceTree = "<group>"; };
		7C4F7583299E5F4200406056 /* HourCollectionViewCell.swift */ = {isa = PBXFileReference; lastKnownFileType = sourcecode.swift; path = HourCollectionViewCell.swift; sourceTree = "<group>"; };
		7C4F7588299F6CE100406056 /* HourCollectionViewDataSource.swift */ = {isa = PBXFileReference; lastKnownFileType = sourcecode.swift; path = HourCollectionViewDataSource.swift; sourceTree = "<group>"; };
		7C4F758A299F6D0800406056 /* DayForecastCollectionViewDataSource.swift */ = {isa = PBXFileReference; lastKnownFileType = sourcecode.swift; path = DayForecastCollectionViewDataSource.swift; sourceTree = "<group>"; };
		7C90E80D295ECD20008CD8F5 /* TestTwoView.swift */ = {isa = PBXFileReference; lastKnownFileType = sourcecode.swift; name = TestTwoView.swift; path = Weather/TestTwoView.swift; sourceTree = SOURCE_ROOT; };
		7C90E81029659E6E008CD8F5 /* SettingsStorageService.swift */ = {isa = PBXFileReference; lastKnownFileType = sourcecode.swift; path = SettingsStorageService.swift; sourceTree = "<group>"; };
		7CB5BE3229AB5A0D0047C41F /* Conditions.swift */ = {isa = PBXFileReference; lastKnownFileType = sourcecode.swift; path = Conditions.swift; sourceTree = "<group>"; };
		7CB5BE3429AE20AF0047C41F /* Directions.swift */ = {isa = PBXFileReference; lastKnownFileType = sourcecode.swift; path = Directions.swift; sourceTree = "<group>"; };
/* End PBXFileReference section */

/* Begin PBXFrameworksBuildPhase section */
		7C4446182949C2ED0018F4E7 /* Frameworks */ = {
			isa = PBXFrameworksBuildPhase;
			buildActionMask = 2147483647;
			files = (
			);
			runOnlyForDeploymentPostprocessing = 0;
		};
/* End PBXFrameworksBuildPhase section */

/* Begin PBXGroup section */
		7C14299E297004C500E5820E /* HourlyForecast */ = {
			isa = PBXGroup;
			children = (
				7C14299F2970054900E5820E /* HourlyForecastViewController.swift */,
				7C3D6CF0297DD66A00BB29C2 /* HourlyForecastIndicatorView.swift */,
				7C3D6CF2297E73AB00BB29C2 /* HourlyForecastTableViewCell.swift */,
			);
			path = HourlyForecast;
			sourceTree = "<group>";
		};
		7C1429A1297005D700E5820E /* TimeOfDayForecast */ = {
			isa = PBXGroup;
			children = (
				7C3D6CF7297EB43900BB29C2 /* DateCollectionViewCell.swift */,
				7C3D6CFD297FFBDF00BB29C2 /* TimeOfDayForecastsViewController.swift */,
				7C3D6CFE297FFBDF00BB29C2 /* TimeOfDayForecastView.swift */,
				7C3D6CFF297FFBDF00BB29C2 /* TimeOfDayIndicatorView.swift */,
				7C3D6D0329801D4C00BB29C2 /* SunAndMoonView.swift */,
			);
			path = TimeOfDayForecast;
			sourceTree = "<group>";
		};
		7C1429A429701BF300E5820E /* AddLocation */ = {
			isa = PBXGroup;
			children = (
				7C1429A529701C2300E5820E /* AddLocationViewController.swift */,
			);
			path = AddLocation;
			sourceTree = "<group>";
		};
		7C1429A72975692A00E5820E /* Coordinators */ = {
			isa = PBXGroup;
			children = (
				7C1429A8297569D600E5820E /* MainCoordinator.swift */,
			);
			path = Coordinators;
			sourceTree = "<group>";
		};
		7C1429AA2975709D00E5820E /* Factorys */ = {
			isa = PBXGroup;
			children = (
				7C1429AB297570C400E5820E /* ViewControllersFactory.swift */,
			);
			path = Factorys;
			sourceTree = "<group>";
		};
		7C24B72C2966C97400A795E1 /* Main */ = {
			isa = PBXGroup;
			children = (
				7C24B72D2966C9BC00A795E1 /* MainViewController.swift */,
				7C1429AD297834CC00E5820E /* OverviewSlideView.swift */,
				7C4F7587299F67E000406056 /* Hour Forecast Collection */,
				7C4F7585299F679500406056 /* Day Forecast Collection */,
				7C4F74D72981654B00406056 /* FactView.swift */,
				7C4F74D929816A8300406056 /* FactIndicatorsSubview.swift */,
			);
			path = Main;
			sourceTree = "<group>";
		};
		7C24B72F2966CBE900A795E1 /* Onboarding */ = {
			isa = PBXGroup;
			children = (
				7C24B7302966CC0F00A795E1 /* OnboardingViewController.swift */,
			);
			path = Onboarding;
			sourceTree = "<group>";
		};
		7C24B738296C133300A795E1 /* GeocodingService */ = {
			isa = PBXGroup;
			children = (
				7C24B732296C0DBE00A795E1 /* GeocodingService.swift */,
				7C24B739296C142900A795E1 /* CoordinatesResult.swift */,
			);
			path = GeocodingService;
			sourceTree = "<group>";
		};
		7C24B73D296C44ED00A795E1 /* ForecastService */ = {
			isa = PBXGroup;
			children = (
				7C24B73E296C454500A795E1 /* ForecastService.swift */,
				7C24B740296C470300A795E1 /* ForecastResult.swift */,
			);
			path = ForecastService;
			sourceTree = "<group>";
		};
		7C24B771296EE11400A795E1 /* CoreDataManager */ = {
			isa = PBXGroup;
			children = (
				7C24B772296EE13600A795E1 /* CoreDataManager.swift */,
			);
			path = CoreDataManager;
			sourceTree = "<group>";
		};
		7C3D6CF4297EA57B00BB29C2 /* Formatter */ = {
			isa = PBXGroup;
			children = (
				7C3D6CF5297EA5C000BB29C2 /* DateTimeFormatter.swift */,
			);
			path = Formatter;
			sourceTree = "<group>";
		};
		7C4446122949C2ED0018F4E7 = {
			isa = PBXGroup;
			children = (
				7C44461D2949C2ED0018F4E7 /* Weather */,
				7C44461C2949C2ED0018F4E7 /* Products */,
			);
			sourceTree = "<group>";
		};
		7C44461C2949C2ED0018F4E7 /* Products */ = {
			isa = PBXGroup;
			children = (
				7C44461B2949C2ED0018F4E7 /* Weather.app */,
			);
			name = Products;
			sourceTree = "<group>";
		};
		7C44461D2949C2ED0018F4E7 /* Weather */ = {
			isa = PBXGroup;
			children = (
				7CB5BE3129AB59B90047C41F /* Models */,
				7C1429A72975692A00E5820E /* Coordinators */,
				7C44463B2949CA870018F4E7 /* Utils */,
				7C4446372949C9300018F4E7 /* Scenes */,
				7C4446362949C4AF0018F4E7 /* Application */,
				7C4446352949C4910018F4E7 /* Resources */,
				7C4446272949C2ED0018F4E7 /* Weather.xcdatamodeld */,
				7C24B73B296C15C000A795E1 /* Constants.swift */,
			);
			path = Weather;
			sourceTree = "<group>";
		};
		7C4446352949C4910018F4E7 /* Resources */ = {
			isa = PBXGroup;
			children = (
				7C44462A2949C2F10018F4E7 /* Assets.xcassets */,
				7C44462C2949C2F10018F4E7 /* LaunchScreen.storyboard */,
				7C44462F2949C2F10018F4E7 /* Info.plist */,
			);
			path = Resources;
			sourceTree = "<group>";
		};
		7C4446362949C4AF0018F4E7 /* Application */ = {
			isa = PBXGroup;
			children = (
				7C44461E2949C2ED0018F4E7 /* AppDelegate.swift */,
				7C4446202949C2ED0018F4E7 /* SceneDelegate.swift */,
			);
			path = Application;
			sourceTree = "<group>";
		};
		7C4446372949C9300018F4E7 /* Scenes */ = {
			isa = PBXGroup;
			children = (
				7C1429A429701BF300E5820E /* AddLocation */,
				7C1429A1297005D700E5820E /* TimeOfDayForecast */,
				7C14299E297004C500E5820E /* HourlyForecast */,
				7C24B72F2966CBE900A795E1 /* Onboarding */,
				7C24B72C2966C97400A795E1 /* Main */,
				7C4446382949C9620018F4E7 /* Settings */,
			);
			path = Scenes;
			sourceTree = "<group>";
		};
		7C4446382949C9620018F4E7 /* Settings */ = {
			isa = PBXGroup;
			children = (
				7C4446392949C99C0018F4E7 /* SettingsViewController.swift */,
			);
			path = Settings;
			sourceTree = "<group>";
		};
		7C44463B2949CA870018F4E7 /* Utils */ = {
			isa = PBXGroup;
			children = (
				7C3D6CF4297EA57B00BB29C2 /* Formatter */,
				7C1429AA2975709D00E5820E /* Factorys */,
				7C90E80F29659DEB008CD8F5 /* Service */,
				7C444642294B396E0018F4E7 /* Reusable */,
				7C44463F294A08990018F4E7 /* Extensions */,
				7C44463C2949CA940018F4E7 /* Custom UIView */,
			);
			path = Utils;
			sourceTree = "<group>";
		};
		7C44463C2949CA940018F4E7 /* Custom UIView */ = {
			isa = PBXGroup;
			children = (
				7C44463D2949CB1F0018F4E7 /* CustomSwitch.swift */,
			);
			path = "Custom UIView";
			sourceTree = "<group>";
		};
		7C44463F294A08990018F4E7 /* Extensions */ = {
			isa = PBXGroup;
			children = (
				7C444640294A08B50018F4E7 /* UIColor+Extension.swift */,
				7C24B734296C12AA00A795E1 /* URLSession+Extension.swift */,
			);
			path = Extensions;
			sourceTree = "<group>";
		};
		7C444642294B396E0018F4E7 /* Reusable */ = {
			isa = PBXGroup;
			children = (
				7C444643294B39AE0018F4E7 /* SettingCustomSwitch.swift */,
				7C90E80D295ECD20008CD8F5 /* TestTwoView.swift */,
			);
			path = Reusable;
			sourceTree = "<group>";
		};
		7C4F7585299F679500406056 /* Day Forecast Collection */ = {
			isa = PBXGroup;
			children = (
				7C4F74DB2982633A00406056 /* DayForecastCollectionViewCell.swift */,
				7C4F758A299F6D0800406056 /* DayForecastCollectionViewDataSource.swift */,
			);
			path = "Day Forecast Collection";
			sourceTree = "<group>";
		};
		7C4F7587299F67E000406056 /* Hour Forecast Collection */ = {
			isa = PBXGroup;
			children = (
				7C4F7583299E5F4200406056 /* HourCollectionViewCell.swift */,
				7C4F7588299F6CE100406056 /* HourCollectionViewDataSource.swift */,
			);
			path = "Hour Forecast Collection";
			sourceTree = "<group>";
		};
		7C90E80F29659DEB008CD8F5 /* Service */ = {
			isa = PBXGroup;
			children = (
				7C90E81029659E6E008CD8F5 /* SettingsStorageService.swift */,
				7C24B771296EE11400A795E1 /* CoreDataManager */,
				7C24B73D296C44ED00A795E1 /* ForecastService */,
				7C24B738296C133300A795E1 /* GeocodingService */,
				7C24B736296C131F00A795E1 /* NetworkError.swift */,
			);
			path = Service;
			sourceTree = "<group>";
		};
		7CB5BE3129AB59B90047C41F /* Models */ = {
			isa = PBXGroup;
			children = (
				7CB5BE3229AB5A0D0047C41F /* Conditions.swift */,
				7CB5BE3429AE20AF0047C41F /* Directions.swift */,
			);
			path = Models;
			sourceTree = "<group>";
		};
/* End PBXGroup section */

/* Begin PBXNativeTarget section */
		7C44461A2949C2ED0018F4E7 /* Weather */ = {
			isa = PBXNativeTarget;
			buildConfigurationList = 7C4446322949C2F10018F4E7 /* Build configuration list for PBXNativeTarget "Weather" */;
			buildPhases = (
				7C4446172949C2ED0018F4E7 /* Sources */,
				7C4446182949C2ED0018F4E7 /* Frameworks */,
				7C4446192949C2ED0018F4E7 /* Resources */,
			);
			buildRules = (
			);
			dependencies = (
			);
			name = Weather;
			productName = Weather;
			productReference = 7C44461B2949C2ED0018F4E7 /* Weather.app */;
			productType = "com.apple.product-type.application";
		};
/* End PBXNativeTarget section */

/* Begin PBXProject section */
		7C4446132949C2ED0018F4E7 /* Project object */ = {
			isa = PBXProject;
			attributes = {
				BuildIndependentTargetsInParallel = 1;
				LastSwiftUpdateCheck = 1320;
				LastUpgradeCheck = 1320;
				TargetAttributes = {
					7C44461A2949C2ED0018F4E7 = {
						CreatedOnToolsVersion = 13.2.1;
					};
				};
			};
			buildConfigurationList = 7C4446162949C2ED0018F4E7 /* Build configuration list for PBXProject "Weather" */;
			compatibilityVersion = "Xcode 13.0";
			developmentRegion = en;
			hasScannedForEncodings = 0;
			knownRegions = (
				en,
				Base,
			);
			mainGroup = 7C4446122949C2ED0018F4E7;
			productRefGroup = 7C44461C2949C2ED0018F4E7 /* Products */;
			projectDirPath = "";
			projectRoot = "";
			targets = (
				7C44461A2949C2ED0018F4E7 /* Weather */,
			);
		};
/* End PBXProject section */

/* Begin PBXResourcesBuildPhase section */
		7C4446192949C2ED0018F4E7 /* Resources */ = {
			isa = PBXResourcesBuildPhase;
			buildActionMask = 2147483647;
			files = (
				7C44462E2949C2F10018F4E7 /* LaunchScreen.storyboard in Resources */,
				7C44462B2949C2F10018F4E7 /* Assets.xcassets in Resources */,
			);
			runOnlyForDeploymentPostprocessing = 0;
		};
/* End PBXResourcesBuildPhase section */

/* Begin PBXSourcesBuildPhase section */
		7C4446172949C2ED0018F4E7 /* Sources */ = {
			isa = PBXSourcesBuildPhase;
			buildActionMask = 2147483647;
			files = (
				7C4F7589299F6CE100406056 /* HourCollectionViewDataSource.swift in Sources */,
				7C444644294B39AE0018F4E7 /* SettingCustomSwitch.swift in Sources */,
				7C24B737296C131F00A795E1 /* NetworkError.swift in Sources */,
				7C3D6D01297FFBDF00BB29C2 /* TimeOfDayForecastView.swift in Sources */,
				7C4446292949C2ED0018F4E7 /* Weather.xcdatamodeld in Sources */,
				7C24B773296EE13600A795E1 /* CoreDataManager.swift in Sources */,
				7C444641294A08B50018F4E7 /* UIColor+Extension.swift in Sources */,
				7C1429A629701C2300E5820E /* AddLocationViewController.swift in Sources */,
				7C90E81129659E6E008CD8F5 /* SettingsStorageService.swift in Sources */,
				7C24B741296C470300A795E1 /* ForecastResult.swift in Sources */,
				7C4F74DC2982633A00406056 /* DayForecastCollectionViewCell.swift in Sources */,
				7C4F74DA29816A8300406056 /* FactIndicatorsSubview.swift in Sources */,
				7C1429A9297569D600E5820E /* MainCoordinator.swift in Sources */,
				7C44461F2949C2ED0018F4E7 /* AppDelegate.swift in Sources */,
				7C24B73F296C454500A795E1 /* ForecastService.swift in Sources */,
				7C3D6D0429801D4C00BB29C2 /* SunAndMoonView.swift in Sources */,
				7C3D6D02297FFBDF00BB29C2 /* TimeOfDayIndicatorView.swift in Sources */,
				7CB5BE3329AB5A0D0047C41F /* Conditions.swift in Sources */,
				7C4F758B299F6D0800406056 /* DayForecastCollectionViewDataSource.swift in Sources */,
				7C4F7584299E5F4300406056 /* HourCollectionViewCell.swift in Sources */,
				7C3D6CF6297EA5C000BB29C2 /* DateTimeFormatter.swift in Sources */,
				7C90E80E295ECD20008CD8F5 /* TestTwoView.swift in Sources */,
				7C24B73C296C15C000A795E1 /* Constants.swift in Sources */,
				7C24B733296C0DBE00A795E1 /* GeocodingService.swift in Sources */,
				7C4F74D82981654B00406056 /* FactView.swift in Sources */,
				7C1429AE297834CC00E5820E /* OverviewSlideView.swift in Sources */,
				7C44463E2949CB1F0018F4E7 /* CustomSwitch.swift in Sources */,
				7C3D6CF8297EB43900BB29C2 /* DateCollectionViewCell.swift in Sources */,
				7C4446212949C2ED0018F4E7 /* SceneDelegate.swift in Sources */,
				7C1429AC297570C400E5820E /* ViewControllersFactory.swift in Sources */,
				7C1429A02970054900E5820E /* HourlyForecastViewController.swift in Sources */,
				7CB5BE3529AE20AF0047C41F /* Directions.swift in Sources */,
				7C44463A2949C99C0018F4E7 /* SettingsViewController.swift in Sources */,
				7C24B735296C12AA00A795E1 /* URLSession+Extension.swift in Sources */,
				7C24B73A296C142900A795E1 /* CoordinatesResult.swift in Sources */,
				7C3D6CF1297DD66A00BB29C2 /* HourlyForecastIndicatorView.swift in Sources */,
				7C24B7312966CC0F00A795E1 /* OnboardingViewController.swift in Sources */,
				7C3D6D00297FFBDF00BB29C2 /* TimeOfDayForecastsViewController.swift in Sources */,
				7C24B72E2966C9BC00A795E1 /* MainViewController.swift in Sources */,
				7C3D6CF3297E73AB00BB29C2 /* HourlyForecastTableViewCell.swift in Sources */,
			);
			runOnlyForDeploymentPostprocessing = 0;
		};
/* End PBXSourcesBuildPhase section */

/* Begin PBXVariantGroup section */
		7C44462C2949C2F10018F4E7 /* LaunchScreen.storyboard */ = {
			isa = PBXVariantGroup;
			children = (
				7C44462D2949C2F10018F4E7 /* Base */,
			);
			name = LaunchScreen.storyboard;
			sourceTree = "<group>";
		};
/* End PBXVariantGroup section */

/* Begin XCBuildConfiguration section */
		7C4446302949C2F10018F4E7 /* Debug */ = {
			isa = XCBuildConfiguration;
			buildSettings = {
				ALWAYS_SEARCH_USER_PATHS = NO;
				CLANG_ANALYZER_NONNULL = YES;
				CLANG_ANALYZER_NUMBER_OBJECT_CONVERSION = YES_AGGRESSIVE;
				CLANG_CXX_LANGUAGE_STANDARD = "gnu++17";
				CLANG_CXX_LIBRARY = "libc++";
				CLANG_ENABLE_MODULES = YES;
				CLANG_ENABLE_OBJC_ARC = YES;
				CLANG_ENABLE_OBJC_WEAK = YES;
				CLANG_WARN_BLOCK_CAPTURE_AUTORELEASING = YES;
				CLANG_WARN_BOOL_CONVERSION = YES;
				CLANG_WARN_COMMA = YES;
				CLANG_WARN_CONSTANT_CONVERSION = YES;
				CLANG_WARN_DEPRECATED_OBJC_IMPLEMENTATIONS = YES;
				CLANG_WARN_DIRECT_OBJC_ISA_USAGE = YES_ERROR;
				CLANG_WARN_DOCUMENTATION_COMMENTS = YES;
				CLANG_WARN_EMPTY_BODY = YES;
				CLANG_WARN_ENUM_CONVERSION = YES;
				CLANG_WARN_INFINITE_RECURSION = YES;
				CLANG_WARN_INT_CONVERSION = YES;
				CLANG_WARN_NON_LITERAL_NULL_CONVERSION = YES;
				CLANG_WARN_OBJC_IMPLICIT_RETAIN_SELF = YES;
				CLANG_WARN_OBJC_LITERAL_CONVERSION = YES;
				CLANG_WARN_OBJC_ROOT_CLASS = YES_ERROR;
				CLANG_WARN_QUOTED_INCLUDE_IN_FRAMEWORK_HEADER = YES;
				CLANG_WARN_RANGE_LOOP_ANALYSIS = YES;
				CLANG_WARN_STRICT_PROTOTYPES = YES;
				CLANG_WARN_SUSPICIOUS_MOVE = YES;
				CLANG_WARN_UNGUARDED_AVAILABILITY = YES_AGGRESSIVE;
				CLANG_WARN_UNREACHABLE_CODE = YES;
				CLANG_WARN__DUPLICATE_METHOD_MATCH = YES;
				COPY_PHASE_STRIP = NO;
				DEBUG_INFORMATION_FORMAT = dwarf;
				ENABLE_STRICT_OBJC_MSGSEND = YES;
				ENABLE_TESTABILITY = YES;
				GCC_C_LANGUAGE_STANDARD = gnu11;
				GCC_DYNAMIC_NO_PIC = NO;
				GCC_NO_COMMON_BLOCKS = YES;
				GCC_OPTIMIZATION_LEVEL = 0;
				GCC_PREPROCESSOR_DEFINITIONS = (
					"DEBUG=1",
					"$(inherited)",
				);
				GCC_WARN_64_TO_32_BIT_CONVERSION = YES;
				GCC_WARN_ABOUT_RETURN_TYPE = YES_ERROR;
				GCC_WARN_UNDECLARED_SELECTOR = YES;
				GCC_WARN_UNINITIALIZED_AUTOS = YES_AGGRESSIVE;
				GCC_WARN_UNUSED_FUNCTION = YES;
				GCC_WARN_UNUSED_VARIABLE = YES;
				IPHONEOS_DEPLOYMENT_TARGET = 15.2;
				MTL_ENABLE_DEBUG_INFO = INCLUDE_SOURCE;
				MTL_FAST_MATH = YES;
				ONLY_ACTIVE_ARCH = YES;
				SDKROOT = iphoneos;
				SWIFT_ACTIVE_COMPILATION_CONDITIONS = DEBUG;
				SWIFT_OPTIMIZATION_LEVEL = "-Onone";
			};
			name = Debug;
		};
		7C4446312949C2F10018F4E7 /* Release */ = {
			isa = XCBuildConfiguration;
			buildSettings = {
				ALWAYS_SEARCH_USER_PATHS = NO;
				CLANG_ANALYZER_NONNULL = YES;
				CLANG_ANALYZER_NUMBER_OBJECT_CONVERSION = YES_AGGRESSIVE;
				CLANG_CXX_LANGUAGE_STANDARD = "gnu++17";
				CLANG_CXX_LIBRARY = "libc++";
				CLANG_ENABLE_MODULES = YES;
				CLANG_ENABLE_OBJC_ARC = YES;
				CLANG_ENABLE_OBJC_WEAK = YES;
				CLANG_WARN_BLOCK_CAPTURE_AUTORELEASING = YES;
				CLANG_WARN_BOOL_CONVERSION = YES;
				CLANG_WARN_COMMA = YES;
				CLANG_WARN_CONSTANT_CONVERSION = YES;
				CLANG_WARN_DEPRECATED_OBJC_IMPLEMENTATIONS = YES;
				CLANG_WARN_DIRECT_OBJC_ISA_USAGE = YES_ERROR;
				CLANG_WARN_DOCUMENTATION_COMMENTS = YES;
				CLANG_WARN_EMPTY_BODY = YES;
				CLANG_WARN_ENUM_CONVERSION = YES;
				CLANG_WARN_INFINITE_RECURSION = YES;
				CLANG_WARN_INT_CONVERSION = YES;
				CLANG_WARN_NON_LITERAL_NULL_CONVERSION = YES;
				CLANG_WARN_OBJC_IMPLICIT_RETAIN_SELF = YES;
				CLANG_WARN_OBJC_LITERAL_CONVERSION = YES;
				CLANG_WARN_OBJC_ROOT_CLASS = YES_ERROR;
				CLANG_WARN_QUOTED_INCLUDE_IN_FRAMEWORK_HEADER = YES;
				CLANG_WARN_RANGE_LOOP_ANALYSIS = YES;
				CLANG_WARN_STRICT_PROTOTYPES = YES;
				CLANG_WARN_SUSPICIOUS_MOVE = YES;
				CLANG_WARN_UNGUARDED_AVAILABILITY = YES_AGGRESSIVE;
				CLANG_WARN_UNREACHABLE_CODE = YES;
				CLANG_WARN__DUPLICATE_METHOD_MATCH = YES;
				COPY_PHASE_STRIP = NO;
				DEBUG_INFORMATION_FORMAT = "dwarf-with-dsym";
				ENABLE_NS_ASSERTIONS = NO;
				ENABLE_STRICT_OBJC_MSGSEND = YES;
				GCC_C_LANGUAGE_STANDARD = gnu11;
				GCC_NO_COMMON_BLOCKS = YES;
				GCC_WARN_64_TO_32_BIT_CONVERSION = YES;
				GCC_WARN_ABOUT_RETURN_TYPE = YES_ERROR;
				GCC_WARN_UNDECLARED_SELECTOR = YES;
				GCC_WARN_UNINITIALIZED_AUTOS = YES_AGGRESSIVE;
				GCC_WARN_UNUSED_FUNCTION = YES;
				GCC_WARN_UNUSED_VARIABLE = YES;
				IPHONEOS_DEPLOYMENT_TARGET = 15.2;
				MTL_ENABLE_DEBUG_INFO = NO;
				MTL_FAST_MATH = YES;
				SDKROOT = iphoneos;
				SWIFT_COMPILATION_MODE = wholemodule;
				SWIFT_OPTIMIZATION_LEVEL = "-O";
				VALIDATE_PRODUCT = YES;
			};
			name = Release;
		};
		7C4446332949C2F10018F4E7 /* Debug */ = {
			isa = XCBuildConfiguration;
			buildSettings = {
				ASSETCATALOG_COMPILER_APPICON_NAME = AppIcon;
				ASSETCATALOG_COMPILER_GLOBAL_ACCENT_COLOR_NAME = AccentColor;
				CODE_SIGN_STYLE = Automatic;
				CURRENT_PROJECT_VERSION = 1;
				DEVELOPMENT_TEAM = U4U42PQTLW;
				GENERATE_INFOPLIST_FILE = YES;
				INFOPLIST_FILE = Weather/Resources/Info.plist;
				INFOPLIST_KEY_UIApplicationSupportsIndirectInputEvents = YES;
				INFOPLIST_KEY_UILaunchStoryboardName = LaunchScreen;
				INFOPLIST_KEY_UISupportedInterfaceOrientations = UIInterfaceOrientationPortrait;
				INFOPLIST_KEY_UISupportedInterfaceOrientations_iPad = "UIInterfaceOrientationPortrait UIInterfaceOrientationPortraitUpsideDown UIInterfaceOrientationLandscapeLeft UIInterfaceOrientationLandscapeRight";
				INFOPLIST_KEY_UISupportedInterfaceOrientations_iPhone = "UIInterfaceOrientationPortrait UIInterfaceOrientationLandscapeLeft UIInterfaceOrientationLandscapeRight";
				LD_RUNPATH_SEARCH_PATHS = (
					"$(inherited)",
					"@executable_path/Frameworks",
				);
				MARKETING_VERSION = 1.0;
				PRODUCT_BUNDLE_IDENTIFIER = Teplukhin.Weather;
				PRODUCT_NAME = "$(TARGET_NAME)";
				SWIFT_EMIT_LOC_STRINGS = YES;
				SWIFT_VERSION = 5.0;
				TARGETED_DEVICE_FAMILY = "1,2";
			};
			name = Debug;
		};
		7C4446342949C2F10018F4E7 /* Release */ = {
			isa = XCBuildConfiguration;
			buildSettings = {
				ASSETCATALOG_COMPILER_APPICON_NAME = AppIcon;
				ASSETCATALOG_COMPILER_GLOBAL_ACCENT_COLOR_NAME = AccentColor;
				CODE_SIGN_STYLE = Automatic;
				CURRENT_PROJECT_VERSION = 1;
				DEVELOPMENT_TEAM = U4U42PQTLW;
				GENERATE_INFOPLIST_FILE = YES;
				INFOPLIST_FILE = Weather/Resources/Info.plist;
				INFOPLIST_KEY_UIApplicationSupportsIndirectInputEvents = YES;
				INFOPLIST_KEY_UILaunchStoryboardName = LaunchScreen;
				INFOPLIST_KEY_UISupportedInterfaceOrientations = UIInterfaceOrientationPortrait;
				INFOPLIST_KEY_UISupportedInterfaceOrientations_iPad = "UIInterfaceOrientationPortrait UIInterfaceOrientationPortraitUpsideDown UIInterfaceOrientationLandscapeLeft UIInterfaceOrientationLandscapeRight";
				INFOPLIST_KEY_UISupportedInterfaceOrientations_iPhone = "UIInterfaceOrientationPortrait UIInterfaceOrientationLandscapeLeft UIInterfaceOrientationLandscapeRight";
				LD_RUNPATH_SEARCH_PATHS = (
					"$(inherited)",
					"@executable_path/Frameworks",
				);
				MARKETING_VERSION = 1.0;
				PRODUCT_BUNDLE_IDENTIFIER = Teplukhin.Weather;
				PRODUCT_NAME = "$(TARGET_NAME)";
				SWIFT_EMIT_LOC_STRINGS = YES;
				SWIFT_VERSION = 5.0;
				TARGETED_DEVICE_FAMILY = "1,2";
			};
			name = Release;
		};
/* End XCBuildConfiguration section */

/* Begin XCConfigurationList section */
		7C4446162949C2ED0018F4E7 /* Build configuration list for PBXProject "Weather" */ = {
			isa = XCConfigurationList;
			buildConfigurations = (
				7C4446302949C2F10018F4E7 /* Debug */,
				7C4446312949C2F10018F4E7 /* Release */,
			);
			defaultConfigurationIsVisible = 0;
			defaultConfigurationName = Release;
		};
		7C4446322949C2F10018F4E7 /* Build configuration list for PBXNativeTarget "Weather" */ = {
			isa = XCConfigurationList;
			buildConfigurations = (
				7C4446332949C2F10018F4E7 /* Debug */,
				7C4446342949C2F10018F4E7 /* Release */,
			);
			defaultConfigurationIsVisible = 0;
			defaultConfigurationName = Release;
		};
/* End XCConfigurationList section */

/* Begin XCVersionGroup section */
		7C4446272949C2ED0018F4E7 /* Weather.xcdatamodeld */ = {
			isa = XCVersionGroup;
			children = (
				7C4446282949C2ED0018F4E7 /* Weather.xcdatamodel */,
			);
			currentVersion = 7C4446282949C2ED0018F4E7 /* Weather.xcdatamodel */;
			path = Weather.xcdatamodeld;
			sourceTree = "<group>";
			versionGroupType = wrapper.xcdatamodel;
		};
/* End XCVersionGroup section */
	};
	rootObject = 7C4446132949C2ED0018F4E7 /* Project object */;
}
